<Solution>
  <Project Path="Unity.XR.OpenVR.Editor.csproj" />
  <Project Path="LiteNetLib.csproj" />
  <Project Path="Unity.RenderPipelines.Universal.2D.Runtime.csproj" />
  <Project Path="Unity.RenderPipelines.Universal.Editor.csproj" />
  <Project Path="Basis.ZeroMessenger.csproj" />
  <Project Path="SteamAudioUnity.csproj" />
  <Project Path="ThryAssemblyDefinition.csproj" />
  <Project Path="BasisNetworkCore.csproj" />
  <Project Path="Basis Framework.csproj" />
  <Project Path="PPv2URPConverters.csproj" />
  <Project Path="Assembly-CSharp-Editor.csproj" />
  <Project Path="SteamVR.csproj" />
  <Project Path="com.gator-dragon-games.jigglephysics.editor.csproj" />
  <Project Path="Unity.RenderPipelines.Universal.Editor.Tests.csproj" />
  <Project Path="Poiyomi.ModularShaderSystem.csproj" />
  <Project Path="Unity.RenderPipelines.Universal.Runtime.csproj" />
  <Project Path="BasisSDKEditor.csproj" />
  <Project Path="com.gator-dragon-games.jigglephysics.csproj" />
  <Project Path="BasisExamples.csproj" />
  <Project Path="HVR.Basis.Comms.csproj" />
  <Project Path="SteamVR_Input_Editor.csproj" />
  <Project Path="BasisVehicles.csproj" />
  <Project Path="BasisSDK.csproj" />
  <Project Path="BasisCommon.csproj" />
  <Project Path="Unity.RenderPipelines.Universal.2D.Editor.Overrides.csproj" />
  <Project Path="com.cqf.urpvolumetricfog.editor.csproj" />
  <Project Path="BasisEditor.csproj" />
  <Project Path="com.cqf.urpvolumetricfog.runtime.csproj" />
  <Project Path="ThryExternal.csproj" />
  <Project Path="Basis.uLipSync.Runtime.csproj" />
  <Project Path="BasisNetworkServer.csproj" />
  <Project Path="AudioLink.csproj" />
  <Project Path="Unity.XR.OpenVR.csproj" />
  <Project Path="HVR.Basis.Comms.Editor.csproj" />
  <Project Path="Basis.ZeroMessenger.Editor.Tests.csproj" />
  <Project Path="OpusSharp.Core.csproj" />
  <Project Path="HVR.Basis.Comms.HVRUtility.csproj" />
  <Project Path="BasisShims.csproj" />
  <Project Path="BasisBundleManagement.csproj" />
  <Project Path="Poi.Tools.csproj" />
  <Project Path="BasisPoolTable.csproj" />
  <Project Path="Cilbox.csproj" />
  <Project Path="BasisSeatExamples.csproj" />
  <Project Path="AudioLink.Editor.csproj" />
  <Project Path="Runtime.csproj" />
  <Project Path="BasisExampleEditor.csproj" />
  <Project Path="Unity.RenderPipelines.Universal.Runtime.Tests.csproj" />
  <Project Path="SteamAudioUnityEditor.csproj" />
  <Project Path="BasisOpenXR.csproj" />
  <Project Path="BasisOpenVR.csproj" />
  <Project Path="Did.csproj" />
  <Project Path="Crypto.csproj" />
  <Project Path="BasisSettings.csproj" />
  <Project Path="BasisPoolTableEditor.csproj" />
  <Project Path="Unity.RenderPipeline.Universal.ShaderLibrary.csproj" />
  <Project Path="BasisVehiclesNetwork.csproj" />
  <Project Path="BasisGizmos.csproj" />
  <Project Path="SteamVR_Actions.csproj" />
  <Project Path="BasisProfiler.csproj" />
  <Project Path="Basis.ZeroMessenger.Tests.csproj" />
  <Project Path="Unity.RenderPipelines.Universal.Shaders.csproj" />
  <Project Path="Basis.Zeromessenger.Editor.csproj" />
  <Project Path="BasisEventDriver.csproj" />
  <Project Path="Basis.ZeroMessenger.Samples.csproj" />
  <Project Path="BasisSDKMIrrorEditor.csproj" />
  <Project Path="BasisDebug.csproj" />
  <Project Path="BasisNetworkClient.csproj" />
  <Project Path="RNNoiseIntergration.csproj" />
</Solution>
